
Microsoft Visual Studio Solution File, Format Version 12.00
# Visual Studio Version 17
VisualStudioVersion = 17.7.34221.43
MinimumVisualStudioVersion = 10.0.40219.1
Project("{9A19103F-16F7-4668-BE54-9A1E7A4F7556}") = "AdapterEx1", "AdapterEx1\AdapterEx1.csproj", "{EFCA72E4-E189-4124-A7F9-E3D85D049841}"
EndProject
Project("{FAE04EC0-301F-11D3-BF4B-00C04F79EFBC}") = "AdapterExDB", "AdapterExDB\AdapterExDB.csproj", "{DC076556-336F-4310-AFC5-DA0CECCDE78C}"
EndProject
Global
	GlobalSection(SolutionConfigurationPlatforms) = preSolution
		Debug|Any CPU = Debug|Any CPU
		Release|Any CPU = Release|Any CPU
	EndGlobalSection
	GlobalSection(ProjectConfigurationPlatforms) = postSolution
		{EFCA72E4-E189-4124-A7F9-E3D85D049841}.Debug|Any CPU.ActiveCfg = Debug|Any CPU
		{EFCA72E4-E189-4124-A7F9-E3D85D049841}.Debug|Any CPU.Build.0 = Debug|Any CPU
		{EFCA72E4-E189-4124-A7F9-E3D85D049841}.Release|Any CPU.ActiveCfg = Release|Any CPU
		{EFCA72E4-E189-4124-A7F9-E3D85D049841}.Release|Any CPU.Build.0 = Release|Any CPU
		{DC076556-336F-4310-AFC5-DA0CECCDE78C}.Debug|Any CPU.ActiveCfg = Debug|Any CPU
		{DC076556-336F-4310-AFC5-DA0CECCDE78C}.Debug|Any CPU.Build.0 = Debug|Any CPU
		{DC076556-336F-4310-AFC5-DA0CECCDE78C}.Release|Any CPU.ActiveCfg = Release|Any CPU
		{DC076556-336F-4310-AFC5-DA0CECCDE78C}.Release|Any CPU.Build.0 = Release|Any CPU
	EndGlobalSection
	GlobalSection(SolutionProperties) = preSolution
		HideSolutionNode = FALSE
	EndGlobalSection
	GlobalSection(ExtensibilityGlobals) = postSolution
		SolutionGuid = {E130D197-DC71-4D95-B60C-7F553ECB52F9}
	EndGlobalSection
EndGlobal
